// !$*UTF8*$!
{
	archiveVersion = 1;
	classes = {
	};
	objectVersion = 77;
	objects = {

/* Begin PBXBuildFile section */
		505E43912E33A3DF00DBD2FA /* JarvisIcon.icon in Resources */ = {isa = PBXBuildFile; fileRef = 505E43902E33A3DF00DBD2FA /* JarvisIcon.icon */; };
		50EF89442E21173F00F8B76B /* MLX in Frameworks */ = {isa = PBXBuildFile; productRef = 50EF89432E21173F00F8B76B /* MLX */; };
		50EF89462E21173F00F8B76B /* MLXFast in Frameworks */ = {isa = PBXBuildFile; productRef = 50EF89452E21173F00F8B76B /* MLXFast */; };
		50EF89482E21173F00F8B76B /* MLXNN in Frameworks */ = {isa = PBXBuildFile; productRef = 50EF89472E21173F00F8B76B /* MLXNN */; };
		50EF894A2E21173F00F8B76B /* MLXOptimizers in Frameworks */ = {isa = PBXBuildFile; productRef = 50EF89492E21173F00F8B76B /* MLXOptimizers */; };
		50EF894C2E21173F00F8B76B /* MLXRandom in Frameworks */ = {isa = PBXBuildFile; productRef = 50EF894B2E21173F00F8B76B /* MLXRandom */; };
		50EF894F2E2117AB00F8B76B /* MLXEmbedders in Frameworks */ = {isa = PBXBuildFile; productRef = 50EF894E2E2117AB00F8B76B /* MLXEmbedders */; };
		50EF89512E2117AB00F8B76B /* MLXLLM in Frameworks */ = {isa = PBXBuildFile; productRef = 50EF89502E2117AB00F8B76B /* MLXLLM */; };
		50EF89532E2117AB00F8B76B /* MLXLMCommon in Frameworks */ = {isa = PBXBuildFile; productRef = 50EF89522E2117AB00F8B76B /* MLXLMCommon */; };
		50EF89552E2117AB00F8B76B /* MLXVLM in Frameworks */ = {isa = PBXBuildFile; productRef = 50EF89542E2117AB00F8B76B /* MLXVLM */; };
/* End PBXBuildFile section */

/* Begin PBXFileReference section */
		505E43902E33A3DF00DBD2FA /* JarvisIcon.icon */ = {isa = PBXFileReference; lastKnownFileType = folder.iconcomposer.icon; path = JarvisIcon.icon; sourceTree = "<group>"; };
		50EF89342E21162900F8B76B /* MLXTest.app */ = {isa = PBXFileReference; explicitFileType = wrapper.application; includeInIndex = 0; path = MLXTest.app; sourceTree = BUILT_PRODUCTS_DIR; };
/* End PBXFileReference section */

/* Begin PBXFileSystemSynchronizedRootGroup section */
		50EF89362E21162900F8B76B /* MLXTest */ = {
			isa = PBXFileSystemSynchronizedRootGroup;
			path = MLXTest;
			sourceTree = "<group>";
		};
/* End PBXFileSystemSynchronizedRootGroup section */

/* Begin PBXFrameworksBuildPhase section */
		50EF89312E21162900F8B76B /* Frameworks */ = {
			isa = PBXFrameworksBuildPhase;
			buildActionMask = 2147483647;
			files = (
				50EF89512E2117AB00F8B76B /* MLXLLM in Frameworks */,
				50EF894A2E21173F00F8B76B /* MLXOptimizers in Frameworks */,
				50EF89482E21173F00F8B76B /* MLXNN in Frameworks */,
				50EF894F2E2117AB00F8B76B /* MLXEmbedders in Frameworks */,
				50EF89462E21173F00F8B76B /* MLXFast in Frameworks */,
				50EF89552E2117AB00F8B76B /* MLXVLM in Frameworks */,
				50EF894C2E21173F00F8B76B /* MLXRandom in Frameworks */,
				50EF89532E2117AB00F8B76B /* MLXLMCommon in Frameworks */,
				50EF89442E21173F00F8B76B /* MLX in Frameworks */,
			);
			runOnlyForDeploymentPostprocessing = 0;
		};
/* End PBXFrameworksBuildPhase section */

/* Begin PBXGroup section */
		50EF892B2E21162900F8B76B = {
			isa = PBXGroup;
			children = (
				50EF89362E21162900F8B76B /* MLXTest */,
				50EF89352E21162900F8B76B /* Products */,
				505E43902E33A3DF00DBD2FA /* JarvisIcon.icon */,
			);
			sourceTree = "<group>";
		};
		50EF89352E21162900F8B76B /* Products */ = {
			isa = PBXGroup;
			children = (
				50EF89342E21162900F8B76B /* MLXTest.app */,
			);
			name = Products;
			sourceTree = "<group>";
		};
/* End PBXGroup section */

/* Begin PBXNativeTarget section */
		50EF89332E21162900F8B76B /* MLXTest */ = {
			isa = PBXNativeTarget;
			buildConfigurationList = 50EF893F2E21162B00F8B76B /* Build configuration list for PBXNativeTarget "MLXTest" */;
			buildPhases = (
				50EF89302E21162900F8B76B /* Sources */,
				50EF89312E21162900F8B76B /* Frameworks */,
				50EF89322E21162900F8B76B /* Resources */,
			);
			buildRules = (
			);
			dependencies = (
			);
			fileSystemSynchronizedGroups = (
				50EF89362E21162900F8B76B /* MLXTest */,
			);
			name = MLXTest;
			packageProductDependencies = (
				50EF89432E21173F00F8B76B /* MLX */,
				50EF89452E21173F00F8B76B /* MLXFast */,
				50EF89472E21173F00F8B76B /* MLXNN */,
				50EF89492E21173F00F8B76B /* MLXOptimizers */,
				50EF894B2E21173F00F8B76B /* MLXRandom */,
				50EF894E2E2117AB00F8B76B /* MLXEmbedders */,
				50EF89502E2117AB00F8B76B /* MLXLLM */,
				50EF89522E2117AB00F8B76B /* MLXLMCommon */,
				50EF89542E2117AB00F8B76B /* MLXVLM */,
			);
			productName = MLXTest;
			productReference = 50EF89342E21162900F8B76B /* MLXTest.app */;
			productType = "com.apple.product-type.application";
		};
/* End PBXNativeTarget section */

/* Begin PBXProject section */
		50EF892C2E21162900F8B76B /* Project object */ = {
			isa = PBXProject;
			attributes = {
				BuildIndependentTargetsInParallel = 1;
				LastSwiftUpdateCheck = 2600;
				LastUpgradeCheck = 2600;
				TargetAttributes = {
					50EF89332E21162900F8B76B = {
						CreatedOnToolsVersion = 26.0;
					};
				};
			};
			buildConfigurationList = 50EF892F2E21162900F8B76B /* Build configuration list for PBXProject "MLXTest" */;
			developmentRegion = en;
			hasScannedForEncodings = 0;
			knownRegions = (
				en,
				Base,
			);
			mainGroup = 50EF892B2E21162900F8B76B;
			minimizedProjectReferenceProxies = 1;
			packageReferences = (
				50EF89422E21173F00F8B76B /* XCRemoteSwiftPackageReference "mlx-swift" */,
				50EF894D2E2117AB00F8B76B /* XCRemoteSwiftPackageReference "mlx-swift-examples" */,
			);
			preferredProjectObjectVersion = 77;
			productRefGroup = 50EF89352E21162900F8B76B /* Products */;
			projectDirPath = "";
			projectRoot = "";
			targets = (
				50EF89332E21162900F8B76B /* MLXTest */,
			);
		};
/* End PBXProject section */

/* Begin PBXResourcesBuildPhase section */
		50EF89322E21162900F8B76B /* Resources */ = {
			isa = PBXResourcesBuildPhase;
			buildActionMask = 2147483647;
			files = (
				505E43912E33A3DF00DBD2FA /* JarvisIcon.icon in Resources */,
			);
			runOnlyForDeploymentPostprocessing = 0;
		};
/* End PBXResourcesBuildPhase section */

/* Begin PBXSourcesBuildPhase section */
		50EF89302E21162900F8B76B /* Sources */ = {
			isa = PBXSourcesBuildPhase;
			buildActionMask = 2147483647;
			files = (
			);
			runOnlyForDeploymentPostprocessing = 0;
		};
/* End PBXSourcesBuildPhase section */

/* Begin XCBuildConfiguration section */
		50EF893D2E21162B00F8B76B /* Debug */ = {
			isa = XCBuildConfiguration;
			buildSettings = {
				ALWAYS_SEARCH_USER_PATHS = NO;
				ASSETCATALOG_COMPILER_GENERATE_SWIFT_ASSET_SYMBOL_EXTENSIONS = YES;
				CLANG_ANALYZER_NONNULL = YES;
				CLANG_ANALYZER_NUMBER_OBJECT_CONVERSION = YES_AGGRESSIVE;
				CLANG_CXX_LANGUAGE_STANDARD = "gnu++20";
				CLANG_ENABLE_MODULES = YES;
				CLANG_ENABLE_OBJC_ARC = YES;
				CLANG_ENABLE_OBJC_WEAK = YES;
				CLANG_WARN_BLOCK_CAPTURE_AUTORELEASING = YES;
				CLANG_WARN_BOOL_CONVERSION = YES;
				CLANG_WARN_COMMA = YES;
				CLANG_WARN_CONSTANT_CONVERSION = YES;
				CLANG_WARN_DEPRECATED_OBJC_IMPLEMENTATIONS = YES;
				CLANG_WARN_DIRECT_OBJC_ISA_USAGE = YES_ERROR;
				CLANG_WARN_DOCUMENTATION_COMMENTS = YES;
				CLANG_WARN_EMPTY_BODY = YES;
				CLANG_WARN_ENUM_CONVERSION = YES;
				CLANG_WARN_INFINITE_RECURSION = YES;
				CLANG_WARN_INT_CONVERSION = YES;
				CLANG_WARN_NON_LITERAL_NULL_CONVERSION = YES;
				CLANG_WARN_OBJC_IMPLICIT_RETAIN_SELF = YES;
				CLANG_WARN_OBJC_LITERAL_CONVERSION = YES;
				CLANG_WARN_OBJC_ROOT_CLASS = YES_ERROR;
				CLANG_WARN_QUOTED_INCLUDE_IN_FRAMEWORK_HEADER = YES;
				CLANG_WARN_RANGE_LOOP_ANALYSIS = YES;
				CLANG_WARN_STRICT_PROTOTYPES = YES;
				CLANG_WARN_SUSPICIOUS_MOVE = YES;
				CLANG_WARN_UNGUARDED_AVAILABILITY = YES_AGGRESSIVE;
				CLANG_WARN_UNREACHABLE_CODE = YES;
				CLANG_WARN__DUPLICATE_METHOD_MATCH = YES;
				COPY_PHASE_STRIP = NO;
				DEBUG_INFORMATION_FORMAT = dwarf;
				DEVELOPMENT_TEAM = XYA85FESD6;
				ENABLE_STRICT_OBJC_MSGSEND = YES;
				ENABLE_TESTABILITY = YES;
				ENABLE_USER_SCRIPT_SANDBOXING = YES;
				GCC_C_LANGUAGE_STANDARD = gnu17;
				GCC_DYNAMIC_NO_PIC = NO;
				GCC_NO_COMMON_BLOCKS = YES;
				GCC_OPTIMIZATION_LEVEL = 0;
				GCC_PREPROCESSOR_DEFINITIONS = (
					"DEBUG=1",
					"$(inherited)",
				);
				GCC_WARN_64_TO_32_BIT_CONVERSION = YES;
				GCC_WARN_ABOUT_RETURN_TYPE = YES_ERROR;
				GCC_WARN_UNDECLARED_SELECTOR = YES;
				GCC_WARN_UNINITIALIZED_AUTOS = YES_AGGRESSIVE;
				GCC_WARN_UNUSED_FUNCTION = YES;
				GCC_WARN_UNUSED_VARIABLE = YES;
				IPHONEOS_DEPLOYMENT_TARGET = 26.0;
				LOCALIZATION_PREFERS_STRING_CATALOGS = YES;
				MTL_ENABLE_DEBUG_INFO = INCLUDE_SOURCE;
				MTL_FAST_MATH = YES;
				ONLY_ACTIVE_ARCH = YES;
				SDKROOT = iphoneos;
				SWIFT_ACTIVE_COMPILATION_CONDITIONS = "DEBUG $(inherited)";
				SWIFT_OPTIMIZATION_LEVEL = "-Onone";
			};
			name = Debug;
		};
		50EF893E2E21162B00F8B76B /* Release */ = {
			isa = XCBuildConfiguration;
			buildSettings = {
				ALWAYS_SEARCH_USER_PATHS = NO;
				ASSETCATALOG_COMPILER_GENERATE_SWIFT_ASSET_SYMBOL_EXTENSIONS = YES;
				CLANG_ANALYZER_NONNULL = YES;
				CLANG_ANALYZER_NUMBER_OBJECT_CONVERSION = YES_AGGRESSIVE;
				CLANG_CXX_LANGUAGE_STANDARD = "gnu++20";
				CLANG_ENABLE_MODULES = YES;
				CLANG_ENABLE_OBJC_ARC = YES;
				CLANG_ENABLE_OBJC_WEAK = YES;
				CLANG_WARN_BLOCK_CAPTURE_AUTORELEASING = YES;
				CLANG_WARN_BOOL_CONVERSION = YES;
				CLANG_WARN_COMMA = YES;
				CLANG_WARN_CONSTANT_CONVERSION = YES;
				CLANG_WARN_DEPRECATED_OBJC_IMPLEMENTATIONS = YES;
				CLANG_WARN_DIRECT_OBJC_ISA_USAGE = YES_ERROR;
				CLANG_WARN_DOCUMENTATION_COMMENTS = YES;
				CLANG_WARN_EMPTY_BODY = YES;
				CLANG_WARN_ENUM_CONVERSION = YES;
				CLANG_WARN_INFINITE_RECURSION = YES;
				CLANG_WARN_INT_CONVERSION = YES;
				CLANG_WARN_NON_LITERAL_NULL_CONVERSION = YES;
				CLANG_WARN_OBJC_IMPLICIT_RETAIN_SELF = YES;
				CLANG_WARN_OBJC_LITERAL_CONVERSION = YES;
				CLANG_WARN_OBJC_ROOT_CLASS = YES_ERROR;
				CLANG_WARN_QUOTED_INCLUDE_IN_FRAMEWORK_HEADER = YES;
				CLANG_WARN_RANGE_LOOP_ANALYSIS = YES;
				CLANG_WARN_STRICT_PROTOTYPES = YES;
				CLANG_WARN_SUSPICIOUS_MOVE = YES;
				CLANG_WARN_UNGUARDED_AVAILABILITY = YES_AGGRESSIVE;
				CLANG_WARN_UNREACHABLE_CODE = YES;
				CLANG_WARN__DUPLICATE_METHOD_MATCH = YES;
				COPY_PHASE_STRIP = NO;
				DEBUG_INFORMATION_FORMAT = "dwarf-with-dsym";
				DEVELOPMENT_TEAM = XYA85FESD6;
				ENABLE_NS_ASSERTIONS = NO;
				ENABLE_STRICT_OBJC_MSGSEND = YES;
				ENABLE_USER_SCRIPT_SANDBOXING = YES;
				GCC_C_LANGUAGE_STANDARD = gnu17;
				GCC_NO_COMMON_BLOCKS = YES;
				GCC_WARN_64_TO_32_BIT_CONVERSION = YES;
				GCC_WARN_ABOUT_RETURN_TYPE = YES_ERROR;
				GCC_WARN_UNDECLARED_SELECTOR = YES;
				GCC_WARN_UNINITIALIZED_AUTOS = YES_AGGRESSIVE;
				GCC_WARN_UNUSED_FUNCTION = YES;
				GCC_WARN_UNUSED_VARIABLE = YES;
				IPHONEOS_DEPLOYMENT_TARGET = 26.0;
				LOCALIZATION_PREFERS_STRING_CATALOGS = YES;
				MTL_ENABLE_DEBUG_INFO = NO;
				MTL_FAST_MATH = YES;
				SDKROOT = iphoneos;
				SWIFT_COMPILATION_MODE = wholemodule;
				VALIDATE_PRODUCT = YES;
			};
			name = Release;
		};
		50EF89402E21162B00F8B76B /* Debug */ = {
			isa = XCBuildConfiguration;
			buildSettings = {
				ASSETCATALOG_COMPILER_APPICON_NAME = JarvisIcon;
				ASSETCATALOG_COMPILER_GLOBAL_ACCENT_COLOR_NAME = AccentColor;
				CODE_SIGN_STYLE = Automatic;
				CURRENT_PROJECT_VERSION = 1;
				DEVELOPMENT_TEAM = XYA85FESD6;
				ENABLE_PREVIEWS = YES;
				GENERATE_INFOPLIST_FILE = YES;
				INFOPLIST_KEY_CFBundleDisplayName = Jarvis;
				INFOPLIST_KEY_UIApplicationSceneManifest_Generation = YES;
				INFOPLIST_KEY_UIApplicationSupportsIndirectInputEvents = YES;
				INFOPLIST_KEY_UILaunchScreen_Generation = YES;
				INFOPLIST_KEY_UISupportedInterfaceOrientations_iPad = "UIInterfaceOrientationPortrait UIInterfaceOrientationPortraitUpsideDown UIInterfaceOrientationLandscapeLeft UIInterfaceOrientationLandscapeRight";
				INFOPLIST_KEY_UISupportedInterfaceOrientations_iPhone = "UIInterfaceOrientationPortrait UIInterfaceOrientationLandscapeLeft UIInterfaceOrientationLandscapeRight";
				LD_RUNPATH_SEARCH_PATHS = (
					"$(inherited)",
					"@executable_path/Frameworks",
				);
				MARKETING_VERSION = 1.0;
				PRODUCT_BUNDLE_IDENTIFIER = com.lorenzoferrante.MLXTest;
				PRODUCT_NAME = "$(TARGET_NAME)";
				STRING_CATALOG_GENERATE_SYMBOLS = YES;
				SWIFT_APPROACHABLE_CONCURRENCY = YES;
				SWIFT_DEFAULT_ACTOR_ISOLATION = MainActor;
				SWIFT_EMIT_LOC_STRINGS = YES;
				SWIFT_UPCOMING_FEATURE_MEMBER_IMPORT_VISIBILITY = YES;
				SWIFT_VERSION = 5.0;
				TARGETED_DEVICE_FAMILY = "1,2";
			};
			name = Debug;
		};
		50EF89412E21162B00F8B76B /* Release */ = {
			isa = XCBuildConfiguration;
			buildSettings = {
				ASSETCATALOG_COMPILER_APPICON_NAME = JarvisIcon;
				ASSETCATALOG_COMPILER_GLOBAL_ACCENT_COLOR_NAME = AccentColor;
				CODE_SIGN_STYLE = Automatic;
				CURRENT_PROJECT_VERSION = 1;
				DEVELOPMENT_TEAM = XYA85FESD6;
				ENABLE_PREVIEWS = YES;
				GENERATE_INFOPLIST_FILE = YES;
				INFOPLIST_KEY_CFBundleDisplayName = Jarvis;
				INFOPLIST_KEY_UIApplicationSceneManifest_Generation = YES;
				INFOPLIST_KEY_UIApplicationSupportsIndirectInputEvents = YES;
				INFOPLIST_KEY_UILaunchScreen_Generation = YES;
				INFOPLIST_KEY_UISupportedInterfaceOrientations_iPad = "UIInterfaceOrientationPortrait UIInterfaceOrientationPortraitUpsideDown UIInterfaceOrientationLandscapeLeft UIInterfaceOrientationLandscapeRight";
				INFOPLIST_KEY_UISupportedInterfaceOrientations_iPhone = "UIInterfaceOrientationPortrait UIInterfaceOrientationLandscapeLeft UIInterfaceOrientationLandscapeRight";
				LD_RUNPATH_SEARCH_PATHS = (
					"$(inherited)",
					"@executable_path/Frameworks",
				);
				MARKETING_VERSION = 1.0;
				PRODUCT_BUNDLE_IDENTIFIER = com.lorenzoferrante.MLXTest;
				PRODUCT_NAME = "$(TARGET_NAME)";
				STRING_CATALOG_GENERATE_SYMBOLS = YES;
				SWIFT_APPROACHABLE_CONCURRENCY = YES;
				SWIFT_DEFAULT_ACTOR_ISOLATION = MainActor;
				SWIFT_EMIT_LOC_STRINGS = YES;
				SWIFT_UPCOMING_FEATURE_MEMBER_IMPORT_VISIBILITY = YES;
				SWIFT_VERSION = 5.0;
				TARGETED_DEVICE_FAMILY = "1,2";
			};
			name = Release;
		};
/* End XCBuildConfiguration section */

/* Begin XCConfigurationList section */
		50EF892F2E21162900F8B76B /* Build configuration list for PBXProject "MLXTest" */ = {
			isa = XCConfigurationList;
			buildConfigurations = (
				50EF893D2E21162B00F8B76B /* Debug */,
				50EF893E2E21162B00F8B76B /* Release */,
			);
			defaultConfigurationIsVisible = 0;
			defaultConfigurationName = Release;
		};
		50EF893F2E21162B00F8B76B /* Build configuration list for PBXNativeTarget "MLXTest" */ = {
			isa = XCConfigurationList;
			buildConfigurations = (
				50EF89402E21162B00F8B76B /* Debug */,
				50EF89412E21162B00F8B76B /* Release */,
			);
			defaultConfigurationIsVisible = 0;
			defaultConfigurationName = Release;
		};
/* End XCConfigurationList section */

/* Begin XCRemoteSwiftPackageReference section */
		50EF89422E21173F00F8B76B /* XCRemoteSwiftPackageReference "mlx-swift" */ = {
			isa = XCRemoteSwiftPackageReference;
			repositoryURL = "https://github.com/ml-explore/mlx-swift.git";
			requirement = {
				kind = upToNextMajorVersion;
				minimumVersion = 0.25.5;
			};
		};
		50EF894D2E2117AB00F8B76B /* XCRemoteSwiftPackageReference "mlx-swift-examples" */ = {
			isa = XCRemoteSwiftPackageReference;
			repositoryURL = "https://github.com/ml-explore/mlx-swift-examples/";
			requirement = {
				kind = upToNextMajorVersion;
				minimumVersion = 2.25.4;
			};
		};
/* End XCRemoteSwiftPackageReference section */

/* Begin XCSwiftPackageProductDependency section */
		50EF89432E21173F00F8B76B /* MLX */ = {
			isa = XCSwiftPackageProductDependency;
			package = 50EF89422E21173F00F8B76B /* XCRemoteSwiftPackageReference "mlx-swift" */;
			productName = MLX;
		};
		50EF89452E21173F00F8B76B /* MLXFast */ = {
			isa = XCSwiftPackageProductDependency;
			package = 50EF89422E21173F00F8B76B /* XCRemoteSwiftPackageReference "mlx-swift" */;
			productName = MLXFast;
		};
		50EF89472E21173F00F8B76B /* MLXNN */ = {
			isa = XCSwiftPackageProductDependency;
			package = 50EF89422E21173F00F8B76B /* XCRemoteSwiftPackageReference "mlx-swift" */;
			productName = MLXNN;
		};
		50EF89492E21173F00F8B76B /* MLXOptimizers */ = {
			isa = XCSwiftPackageProductDependency;
			package = 50EF89422E21173F00F8B76B /* XCRemoteSwiftPackageReference "mlx-swift" */;
			productName = MLXOptimizers;
		};
		50EF894B2E21173F00F8B76B /* MLXRandom */ = {
			isa = XCSwiftPackageProductDependency;
			package = 50EF89422E21173F00F8B76B /* XCRemoteSwiftPackageReference "mlx-swift" */;
			productName = MLXRandom;
		};
		50EF894E2E2117AB00F8B76B /* MLXEmbedders */ = {
			isa = XCSwiftPackageProductDependency;
			package = 50EF894D2E2117AB00F8B76B /* XCRemoteSwiftPackageReference "mlx-swift-examples" */;
			productName = MLXEmbedders;
		};
		50EF89502E2117AB00F8B76B /* MLXLLM */ = {
			isa = XCSwiftPackageProductDependency;
			package = 50EF894D2E2117AB00F8B76B /* XCRemoteSwiftPackageReference "mlx-swift-examples" */;
			productName = MLXLLM;
		};
		50EF89522E2117AB00F8B76B /* MLXLMCommon */ = {
			isa = XCSwiftPackageProductDependency;
			package = 50EF894D2E2117AB00F8B76B /* XCRemoteSwiftPackageReference "mlx-swift-examples" */;
			productName = MLXLMCommon;
		};
		50EF89542E2117AB00F8B76B /* MLXVLM */ = {
			isa = XCSwiftPackageProductDependency;
			package = 50EF894D2E2117AB00F8B76B /* XCRemoteSwiftPackageReference "mlx-swift-examples" */;
			productName = MLXVLM;
		};
/* End XCSwiftPackageProductDependency section */
	};
	rootObject = 50EF892C2E21162900F8B76B /* Project object */;
}
